
Microsoft Visual Studio Solution File, Format Version 12.00
# Visual Studio Version 16
VisualStudioVersion = 16.0.33130.400
MinimumVisualStudioVersion = 10.0.40219.1
Project("{FAE04EC0-301F-11D3-BF4B-00C04F79EFBC}") = "Parcial1", "Parcial1\Parcial1.csproj", "{1CB47900-AFF4-410F-89A7-CE9D2697EDFB}"
EndProject
Global
	GlobalSection(SolutionConfigurationPlatforms) = preSolution
		Debug|Any CPU = Debug|Any CPU
		Release|Any CPU = Release|Any CPU
	EndGlobalSection
	GlobalSection(ProjectConfigurationPlatforms) = postSolution
		{1CB47900-AFF4-410F-89A7-CE9D2697EDFB}.Debug|Any CPU.ActiveCfg = Debug|Any CPU
		{1CB47900-AFF4-410F-89A7-CE9D2697EDFB}.Debug|Any CPU.Build.0 = Debug|Any CPU
		{1CB47900-AFF4-410F-89A7-CE9D2697EDFB}.Release|Any CPU.ActiveCfg = Release|Any CPU
		{1CB47900-AFF4-410F-89A7-CE9D2697EDFB}.Release|Any CPU.Build.0 = Release|Any CPU
	EndGlobalSection
	GlobalSection(SolutionProperties) = preSolution
		HideSolutionNode = FALSE
	EndGlobalSection
	GlobalSection(ExtensibilityGlobals) = postSolution
		SolutionGuid = {E739BA9B-B7EE-426E-A6CF-43C8A2CC958D}
	EndGlobalSection
EndGlobal
